
Microsoft Visual Studio Solution File, Format Version 12.00
# Visual Studio Version 17
VisualStudioVersion = 17.2.32519.379
MinimumVisualStudioVersion = 10.0.40219.1
Project("{9A19103F-16F7-4668-BE54-9A1E7A4F7556}") = "NetworkClient", "NetworkTest\NetworkClient.csproj", "{3BC81089-727A-4361-B6FA-8B2DDDF67019}"
EndProject
Project("{9A19103F-16F7-4668-BE54-9A1E7A4F7556}") = "NetworkServer", "NetworkServer\NetworkServer.csproj", "{72389DE6-CC73-4C51-9235-4A816D646A5E}"
EndProject
Global
	GlobalSection(SolutionConfigurationPlatforms) = preSolution
		Debug|Any CPU = Debug|Any CPU
		Release|Any CPU = Release|Any CPU
	EndGlobalSection
	GlobalSection(ProjectConfigurationPlatforms) = postSolution
		{3BC81089-727A-4361-B6FA-8B2DDDF67019}.Debug|Any CPU.ActiveCfg = Debug|Any CPU
		{3BC81089-727A-4361-B6FA-8B2DDDF67019}.Debug|Any CPU.Build.0 = Debug|Any CPU
		{3BC81089-727A-4361-B6FA-8B2DDDF67019}.Release|Any CPU.ActiveCfg = Release|Any CPU
		{3BC81089-727A-4361-B6FA-8B2DDDF67019}.Release|Any CPU.Build.0 = Release|Any CPU
		{72389DE6-CC73-4C51-9235-4A816D646A5E}.Debug|Any CPU.ActiveCfg = Debug|Any CPU
		{72389DE6-CC73-4C51-9235-4A816D646A5E}.Debug|Any CPU.Build.0 = Debug|Any CPU
		{72389DE6-CC73-4C51-9235-4A816D646A5E}.Release|Any CPU.ActiveCfg = Release|Any CPU
		{72389DE6-CC73-4C51-9235-4A816D646A5E}.Release|Any CPU.Build.0 = Release|Any CPU
	EndGlobalSection
	GlobalSection(SolutionProperties) = preSolution
		HideSolutionNode = FALSE
	EndGlobalSection
	GlobalSection(ExtensibilityGlobals) = postSolution
		SolutionGuid = {A4FC578C-AA7F-496C-BD4D-3B92130AD702}
	EndGlobalSection
EndGlobal
